<?xml version="1.0" encoding="utf-8"?>
<Project ToolsVersion="4.0" xmlns="http://schemas.microsoft.com/developer/msbuild/2003">
  <ItemGroup>
    <Filter Include="Source Files">
      <UniqueIdentifier>{4FC737F1-C7A5-4376-A066-2A32D752A2FF}</UniqueIdentifier>
      <Extensions>cpp;c;cc;cxx;def;odl;idl;hpj;bat;asm;asmx</Extensions>
    </Filter>
    <Filter Include="Header Files">
      <UniqueIdentifier>{93995380-89BD-4b04-88EB-625FBE52EBFB}</UniqueIdentifier>
      <Extensions>h;hh;hpp;hxx;hm;inl;inc;xsd</Extensions>
    </Filter>
    <Filter Include="Resource Files">
      <UniqueIdentifier>{67DA6AB6-F800-4c08-8B7A-83BB121AAD01}</UniqueIdentifier>
      <Extensions>rc;ico;cur;bmp;dlg;rc2;rct;bin;rgs;gif;jpg;jpeg;jpe;resx;tiff;tif;png;wav;mfcribbon-ms</Extensions>
    </Filter>
    <Filter Include="Source Files\src">
      <UniqueIdentifier>{4e633a09-4edb-4690-b936-bc4e70a358c9}</UniqueIdentifier>
    </Filter>
  </ItemGroup>
  <ItemGroup>
    <ClCompile Include="main.cpp">
      <Filter>Source Files\src</Filter>
    </ClCompile>
    <ClCompile Include="Display.cpp">
      <Filter>Source Files</Filter>
    </ClCompile>
    <ClCompile Include="Particle.cpp">
      <Filter>Source Files</Filter>
    </ClCompile>
    <ClCompile Include="ParticleShaders.cpp">
      <Filter>Source Files</Filter>
    </ClCompile>
    <ClCompile Include="RAMSES_Particle_Manager.cpp">
      <Filter>Source Files</Filter>
    </ClCompile>
  </ItemGroup>
  <ItemGroup>
    <ClInclude Include="include\Camera.h">
      <Filter>Header Files</Filter>
    </ClInclude>
    <ClInclude Include="include\Display.h">
      <Filter>Header Files</Filter>
    </ClInclude>
    <ClInclude Include="include\Shader.h">
      <Filter>Header Files</Filter>
    </ClInclude>
    <ClInclude Include="include\ramses\data_iterators.hh">
      <Filter>Header Files</Filter>
    </ClInclude>
    <ClInclude Include="include\ramses\FortranUnformatted_IO.hh">
      <Filter>Header Files</Filter>
    </ClInclude>
    <ClInclude Include="include\ramses\RAMSES_amr_data.hh">
      <Filter>Header Files</Filter>
    </ClInclude>
    <ClInclude Include="include\ramses\RAMSES_hydro_data.hh">
      <Filter>Header Files</Filter>
    </ClInclude>
    <ClInclude Include="include\ramses\RAMSES_info.hh">
      <Filter>Header Files</Filter>
    </ClInclude>
    <ClInclude Include="include\ramses\RAMSES_particle_data.hh">
      <Filter>Header Files</Filter>
    </ClInclude>
    <ClInclude Include="include\Particle.h">
      <Filter>Header Files</Filter>
    </ClInclude>
    <ClInclude Include="include\ParticleShaders.h">
      <Filter>Header Files</Filter>
    </ClInclude>
    <ClInclude Include="include\RAMSES_Particle_Manager.h">
      <Filter>Header Files</Filter>
    </ClInclude>
  </ItemGroup>
  <ItemGroup>
    <None Include="resources\shaders\transform.vs" />
    <None Include="resources\shaders\texture.frag" />
    <None Include="resources\shaders\texture.vs" />
    <None Include="resources\shaders\coordinate_systems.vs" />
    <None Include="resources\shaders\coordinate_systems.frag" />
    <None Include="resources\shaders\particle.vs" />
    <None Include="resources\shaders\particle.frag" />
    <None Include="resources\shaders\posShader.vs" />
    <None Include="resources\shaders\posShader.frag" />
  </ItemGroup>
  <ItemGroup>
    <Text Include="resources\shaders\transform.frag" />
  </ItemGroup>
</Project>